
Microsoft Visual Studio Solution File, Format Version 12.00
# Visual Studio Version 16
VisualStudioVersion = 16.0.30011.22
MinimumVisualStudioVersion = 10.0.40219.1
Project("{9A19103F-16F7-4668-BE54-9A1E7A4F7556}") = "API", "FileServerAPI\API.csproj", "{E38D6608-3DDE-4B96-9992-038FD6011DF6}"
EndProject
Project("{9A19103F-16F7-4668-BE54-9A1E7A4F7556}") = "DBL", "DBL\DBL.csproj", "{D7AB4DF7-DF28-43C5-B2D0-15D15A4F76E2}"
EndProject
Project("{9A19103F-16F7-4668-BE54-9A1E7A4F7556}") = "DAL", "DAL\DAL.csproj", "{CFB8A96B-DE69-4889-8447-BACCAA423F77}"
EndProject
Project("{9A19103F-16F7-4668-BE54-9A1E7A4F7556}") = "BLL", "BLL\BLL.csproj", "{537C6606-6AA1-43C7-BFE6-57B951B2F82A}"
EndProject
Project("{FAE04EC0-301F-11D3-BF4B-00C04F79EFBC}") = "UnitTests", "UnitTests\UnitTests.csproj", "{01351DEA-A1EB-487F-B64C-A377E9C96496}"
EndProject
Global
	GlobalSection(SolutionConfigurationPlatforms) = preSolution
		Debug|Any CPU = Debug|Any CPU
		Release|Any CPU = Release|Any CPU
	EndGlobalSection
	GlobalSection(ProjectConfigurationPlatforms) = postSolution
		{E38D6608-3DDE-4B96-9992-038FD6011DF6}.Debug|Any CPU.ActiveCfg = Debug|Any CPU
		{E38D6608-3DDE-4B96-9992-038FD6011DF6}.Debug|Any CPU.Build.0 = Debug|Any CPU
		{E38D6608-3DDE-4B96-9992-038FD6011DF6}.Release|Any CPU.ActiveCfg = Release|Any CPU
		{E38D6608-3DDE-4B96-9992-038FD6011DF6}.Release|Any CPU.Build.0 = Release|Any CPU
		{D7AB4DF7-DF28-43C5-B2D0-15D15A4F76E2}.Debug|Any CPU.ActiveCfg = Debug|Any CPU
		{D7AB4DF7-DF28-43C5-B2D0-15D15A4F76E2}.Debug|Any CPU.Build.0 = Debug|Any CPU
		{D7AB4DF7-DF28-43C5-B2D0-15D15A4F76E2}.Release|Any CPU.ActiveCfg = Release|Any CPU
		{D7AB4DF7-DF28-43C5-B2D0-15D15A4F76E2}.Release|Any CPU.Build.0 = Release|Any CPU
		{CFB8A96B-DE69-4889-8447-BACCAA423F77}.Debug|Any CPU.ActiveCfg = Debug|Any CPU
		{CFB8A96B-DE69-4889-8447-BACCAA423F77}.Debug|Any CPU.Build.0 = Debug|Any CPU
		{CFB8A96B-DE69-4889-8447-BACCAA423F77}.Release|Any CPU.ActiveCfg = Release|Any CPU
		{CFB8A96B-DE69-4889-8447-BACCAA423F77}.Release|Any CPU.Build.0 = Release|Any CPU
		{537C6606-6AA1-43C7-BFE6-57B951B2F82A}.Debug|Any CPU.ActiveCfg = Debug|Any CPU
		{537C6606-6AA1-43C7-BFE6-57B951B2F82A}.Debug|Any CPU.Build.0 = Debug|Any CPU
		{537C6606-6AA1-43C7-BFE6-57B951B2F82A}.Release|Any CPU.ActiveCfg = Release|Any CPU
		{537C6606-6AA1-43C7-BFE6-57B951B2F82A}.Release|Any CPU.Build.0 = Release|Any CPU
		{01351DEA-A1EB-487F-B64C-A377E9C96496}.Debug|Any CPU.ActiveCfg = Debug|Any CPU
		{01351DEA-A1EB-487F-B64C-A377E9C96496}.Debug|Any CPU.Build.0 = Debug|Any CPU
		{01351DEA-A1EB-487F-B64C-A377E9C96496}.Release|Any CPU.ActiveCfg = Release|Any CPU
		{01351DEA-A1EB-487F-B64C-A377E9C96496}.Release|Any CPU.Build.0 = Release|Any CPU
	EndGlobalSection
	GlobalSection(SolutionProperties) = preSolution
		HideSolutionNode = FALSE
	EndGlobalSection
	GlobalSection(ExtensibilityGlobals) = postSolution
		SolutionGuid = {E8619C88-29C7-4D26-BCCB-60ABAB1D20D6}
	EndGlobalSection
EndGlobal
